
Microsoft Visual Studio Solution File, Format Version 12.00
# Visual Studio 2015
Project("{FAE04EC0-301F-11D3-BF4B-00C04F79EFBC}") = "Gomoku2D.CSharp.Plugins", "Gomoku2D.CSharp.Plugins.csproj", "{70E61766-944E-CDF6-83EF-804EFB9963F0}"
EndProject
Project("{FAE04EC0-301F-11D3-BF4B-00C04F79EFBC}") = "Gomoku2D.CSharp", "Gomoku2D.CSharp.csproj", "{EE75E6B2-6E44-88C9-6007-82B0556BB5C5}"
EndProject
Project("{FAE04EC0-301F-11D3-BF4B-00C04F79EFBC}") = "Gomoku2D.CSharp.Editor", "Gomoku2D.CSharp.Editor.csproj", "{3A410C8C-1246-76E1-A22A-2F8F375143CE}"
EndProject
Global
	GlobalSection(SolutionConfigurationPlatforms) = preSolution
		Debug|Any CPU = Debug|Any CPU
		Release|Any CPU = Release|Any CPU
	EndGlobalSection
	GlobalSection(ProjectConfigurationPlatforms) = postSolution
		{70E61766-944E-CDF6-83EF-804EFB9963F0}.Debug|Any CPU.ActiveCfg = Debug|Any CPU
		{70E61766-944E-CDF6-83EF-804EFB9963F0}.Debug|Any CPU.Build.0 = Debug|Any CPU
		{70E61766-944E-CDF6-83EF-804EFB9963F0}.Release|Any CPU.ActiveCfg = Release|Any CPU
		{70E61766-944E-CDF6-83EF-804EFB9963F0}.Release|Any CPU.Build.0 = Release|Any CPU
		{EE75E6B2-6E44-88C9-6007-82B0556BB5C5}.Debug|Any CPU.ActiveCfg = Debug|Any CPU
		{EE75E6B2-6E44-88C9-6007-82B0556BB5C5}.Debug|Any CPU.Build.0 = Debug|Any CPU
		{EE75E6B2-6E44-88C9-6007-82B0556BB5C5}.Release|Any CPU.ActiveCfg = Release|Any CPU
		{EE75E6B2-6E44-88C9-6007-82B0556BB5C5}.Release|Any CPU.Build.0 = Release|Any CPU
		{3A410C8C-1246-76E1-A22A-2F8F375143CE}.Debug|Any CPU.ActiveCfg = Debug|Any CPU
		{3A410C8C-1246-76E1-A22A-2F8F375143CE}.Debug|Any CPU.Build.0 = Debug|Any CPU
		{3A410C8C-1246-76E1-A22A-2F8F375143CE}.Release|Any CPU.ActiveCfg = Release|Any CPU
		{3A410C8C-1246-76E1-A22A-2F8F375143CE}.Release|Any CPU.Build.0 = Release|Any CPU
	EndGlobalSection
	GlobalSection(SolutionProperties) = preSolution
		HideSolutionNode = FALSE
	EndGlobalSection
EndGlobal
